
Microsoft Visual Studio Solution File, Format Version 10.00
# Visual Studio 2008
Project("{FAE04EC0-301F-11D3-BF4B-00C04F79EFBC}") = "sinav_bildir", "sinav_bildir\sinav_bildir.csproj", "{4286E2BC-FE10-4585-BC9B-5B183CCA77BF}"
EndProject
Global
	GlobalSection(SolutionConfigurationPlatforms) = preSolution
		Debug|Any CPU = Debug|Any CPU
		Release|Any CPU = Release|Any CPU
	EndGlobalSection
	GlobalSection(ProjectConfigurationPlatforms) = postSolution
		{4286E2BC-FE10-4585-BC9B-5B183CCA77BF}.Debug|Any CPU.ActiveCfg = Debug|Any CPU
		{4286E2BC-FE10-4585-BC9B-5B183CCA77BF}.Debug|Any CPU.Build.0 = Debug|Any CPU
		{4286E2BC-FE10-4585-BC9B-5B183CCA77BF}.Release|Any CPU.ActiveCfg = Release|Any CPU
		{4286E2BC-FE10-4585-BC9B-5B183CCA77BF}.Release|Any CPU.Build.0 = Release|Any CPU
	EndGlobalSection
	GlobalSection(SolutionProperties) = preSolution
		HideSolutionNode = FALSE
	EndGlobalSection
EndGlobal
